
Microsoft Visual Studio Solution File, Format Version 12.00
# Visual Studio Version 16
VisualStudioVersion = 16.0.29306.81
MinimumVisualStudioVersion = 10.0.40219.1
Project("{9A19103F-16F7-4668-BE54-9A1E7A4F7556}") = "Calculator", "Calculator\Calculator.csproj", "{7509EE41-CA76-456C-B7FA-A42F7EC40C8B}"
EndProject
Project("{9A19103F-16F7-4668-BE54-9A1E7A4F7556}") = "Calculator.Test", "Calculator.Test\Calculator.Test.csproj", "{69DD2B73-6CAD-48AD-A4D2-70320A30AC76}"
EndProject
Project("{2150E333-8FDC-42A3-9474-1A3956D46DE8}") = "FootballService", "FootballService", "{A82AB7CC-DCCF-4E0E-8548-73A58D306FA6}"
EndProject
Project("{FAE04EC0-301F-11D3-BF4B-00C04F79EFBC}") = "Football.Service", "Football.Service\Football.Service.csproj", "{08D31CF4-235B-4A11-87F3-2BD37FFA9B9F}"
EndProject
Project("{FAE04EC0-301F-11D3-BF4B-00C04F79EFBC}") = "Football.Service.Test", "Football.Service.Test\Football.Service.Test.csproj", "{7803CC61-4527-430B-960A-14595ADFE18C}"
EndProject
Global
	GlobalSection(SolutionConfigurationPlatforms) = preSolution
		Debug|Any CPU = Debug|Any CPU
		Release|Any CPU = Release|Any CPU
	EndGlobalSection
	GlobalSection(ProjectConfigurationPlatforms) = postSolution
		{7509EE41-CA76-456C-B7FA-A42F7EC40C8B}.Debug|Any CPU.ActiveCfg = Debug|Any CPU
		{7509EE41-CA76-456C-B7FA-A42F7EC40C8B}.Debug|Any CPU.Build.0 = Debug|Any CPU
		{7509EE41-CA76-456C-B7FA-A42F7EC40C8B}.Release|Any CPU.ActiveCfg = Release|Any CPU
		{7509EE41-CA76-456C-B7FA-A42F7EC40C8B}.Release|Any CPU.Build.0 = Release|Any CPU
		{69DD2B73-6CAD-48AD-A4D2-70320A30AC76}.Debug|Any CPU.ActiveCfg = Debug|Any CPU
		{69DD2B73-6CAD-48AD-A4D2-70320A30AC76}.Debug|Any CPU.Build.0 = Debug|Any CPU
		{69DD2B73-6CAD-48AD-A4D2-70320A30AC76}.Release|Any CPU.ActiveCfg = Release|Any CPU
		{69DD2B73-6CAD-48AD-A4D2-70320A30AC76}.Release|Any CPU.Build.0 = Release|Any CPU
		{08D31CF4-235B-4A11-87F3-2BD37FFA9B9F}.Debug|Any CPU.ActiveCfg = Debug|Any CPU
		{08D31CF4-235B-4A11-87F3-2BD37FFA9B9F}.Debug|Any CPU.Build.0 = Debug|Any CPU
		{08D31CF4-235B-4A11-87F3-2BD37FFA9B9F}.Release|Any CPU.ActiveCfg = Release|Any CPU
		{08D31CF4-235B-4A11-87F3-2BD37FFA9B9F}.Release|Any CPU.Build.0 = Release|Any CPU
		{7803CC61-4527-430B-960A-14595ADFE18C}.Debug|Any CPU.ActiveCfg = Debug|Any CPU
		{7803CC61-4527-430B-960A-14595ADFE18C}.Debug|Any CPU.Build.0 = Debug|Any CPU
		{7803CC61-4527-430B-960A-14595ADFE18C}.Release|Any CPU.ActiveCfg = Release|Any CPU
		{7803CC61-4527-430B-960A-14595ADFE18C}.Release|Any CPU.Build.0 = Release|Any CPU
	EndGlobalSection
	GlobalSection(SolutionProperties) = preSolution
		HideSolutionNode = FALSE
	EndGlobalSection
	GlobalSection(NestedProjects) = preSolution
		{08D31CF4-235B-4A11-87F3-2BD37FFA9B9F} = {A82AB7CC-DCCF-4E0E-8548-73A58D306FA6}
		{7803CC61-4527-430B-960A-14595ADFE18C} = {A82AB7CC-DCCF-4E0E-8548-73A58D306FA6}
	EndGlobalSection
	GlobalSection(ExtensibilityGlobals) = postSolution
		SolutionGuid = {B38E2918-9FF6-4FC9-B928-8B941F246DDB}
	EndGlobalSection
EndGlobal
